
Microsoft Visual Studio Solution File, Format Version 12.00
# Visual Studio Version 16
VisualStudioVersion = 16.0.31019.35
MinimumVisualStudioVersion = 10.0.40219.1
Project("{FAE04EC0-301F-11D3-BF4B-00C04F79EFBC}") = "TextFileWriter", "TextFileWriter\TextFileWriter.csproj", "{9BFE63BE-FE6B-4861-85B7-99C937A915E3}"
EndProject
Global
	GlobalSection(SolutionConfigurationPlatforms) = preSolution
		Debug|Any CPU = Debug|Any CPU
		Release|Any CPU = Release|Any CPU
	EndGlobalSection
	GlobalSection(ProjectConfigurationPlatforms) = postSolution
		{9BFE63BE-FE6B-4861-85B7-99C937A915E3}.Debug|Any CPU.ActiveCfg = Debug|Any CPU
		{9BFE63BE-FE6B-4861-85B7-99C937A915E3}.Debug|Any CPU.Build.0 = Debug|Any CPU
		{9BFE63BE-FE6B-4861-85B7-99C937A915E3}.Release|Any CPU.ActiveCfg = Release|Any CPU
		{9BFE63BE-FE6B-4861-85B7-99C937A915E3}.Release|Any CPU.Build.0 = Release|Any CPU
	EndGlobalSection
	GlobalSection(SolutionProperties) = preSolution
		HideSolutionNode = FALSE
	EndGlobalSection
	GlobalSection(ExtensibilityGlobals) = postSolution
		SolutionGuid = {2F8F9267-02E5-430C-8D5D-40DA63AE3DED}
	EndGlobalSection
EndGlobal
